// !$*UTF8*$!
{
	archiveVersion = 1;
	classes = {
	};
	objectVersion = 50;
	objects = {

/* Begin PBXBuildFile section */
		48743877256C26A4001FE7AB /* AppDelegate.swift in Sources */ = {isa = PBXBuildFile; fileRef = 48743876256C26A4001FE7AB /* AppDelegate.swift */; };
		48743879256C26A4001FE7AB /* SceneDelegate.swift in Sources */ = {isa = PBXBuildFile; fileRef = 48743878256C26A4001FE7AB /* SceneDelegate.swift */; };
		4874387B256C26A4001FE7AB /* LandmarkDetail.swift in Sources */ = {isa = PBXBuildFile; fileRef = 4874387A256C26A4001FE7AB /* LandmarkDetail.swift */; };
		4874387D256C26A5001FE7AB /* Assets.xcassets in Resources */ = {isa = PBXBuildFile; fileRef = 4874387C256C26A5001FE7AB /* Assets.xcassets */; };
		48743880256C26A5001FE7AB /* Preview Assets.xcassets in Resources */ = {isa = PBXBuildFile; fileRef = 4874387F256C26A5001FE7AB /* Preview Assets.xcassets */; };
		48743883256C26A5001FE7AB /* LaunchScreen.storyboard in Resources */ = {isa = PBXBuildFile; fileRef = 48743881256C26A5001FE7AB /* LaunchScreen.storyboard */; };
		48743894256C2AC7001FE7AB /* CircleImage.swift in Sources */ = {isa = PBXBuildFile; fileRef = 48743893256C2AC7001FE7AB /* CircleImage.swift */; };
		48743897256C2D1E001FE7AB /* MapView.swift in Sources */ = {isa = PBXBuildFile; fileRef = 48743896256C2D1E001FE7AB /* MapView.swift */; };
		4888EEAF256D5CEC00BD8C65 /* Landmark.swift in Sources */ = {isa = PBXBuildFile; fileRef = 4888EEAE256D5CEC00BD8C65 /* Landmark.swift */; };
		4888EEC0256D5D6400BD8C65 /* stmarylake.jpg in Resources */ = {isa = PBXBuildFile; fileRef = 4888EEB3256D5D6300BD8C65 /* stmarylake.jpg */; };
		4888EEC1256D5D6400BD8C65 /* chilkoottrail.jpg in Resources */ = {isa = PBXBuildFile; fileRef = 4888EEB4256D5D6300BD8C65 /* chilkoottrail.jpg */; };
		4888EEC2256D5D6400BD8C65 /* twinlake.jpg in Resources */ = {isa = PBXBuildFile; fileRef = 4888EEB5256D5D6300BD8C65 /* twinlake.jpg */; };
		4888EEC3256D5D6400BD8C65 /* icybay.jpg in Resources */ = {isa = PBXBuildFile; fileRef = 4888EEB6256D5D6400BD8C65 /* icybay.jpg */; };
		4888EEC4256D5D6400BD8C65 /* umbagog.jpg in Resources */ = {isa = PBXBuildFile; fileRef = 4888EEB7256D5D6400BD8C65 /* umbagog.jpg */; };
		4888EEC5256D5D6400BD8C65 /* turtlerock.jpg in Resources */ = {isa = PBXBuildFile; fileRef = 4888EEB8256D5D6400BD8C65 /* turtlerock.jpg */; };
		4888EEC6256D5D6400BD8C65 /* landmarkData.json in Resources */ = {isa = PBXBuildFile; fileRef = 4888EEB9256D5D6400BD8C65 /* landmarkData.json */; };
		4888EEC7256D5D6400BD8C65 /* lakemcdonald.jpg in Resources */ = {isa = PBXBuildFile; fileRef = 4888EEBA256D5D6400BD8C65 /* lakemcdonald.jpg */; };
		4888EEC8256D5D6400BD8C65 /* rainbowlake.jpg in Resources */ = {isa = PBXBuildFile; fileRef = 4888EEBB256D5D6400BD8C65 /* rainbowlake.jpg */; };
		4888EEC9256D5D6400BD8C65 /* silversalmoncreek.jpg in Resources */ = {isa = PBXBuildFile; fileRef = 4888EEBC256D5D6400BD8C65 /* silversalmoncreek.jpg */; };
		4888EECA256D5D6400BD8C65 /* hiddenlake.jpg in Resources */ = {isa = PBXBuildFile; fileRef = 4888EEBD256D5D6400BD8C65 /* hiddenlake.jpg */; };
		4888EECB256D5D6400BD8C65 /* chincoteague.jpg in Resources */ = {isa = PBXBuildFile; fileRef = 4888EEBE256D5D6400BD8C65 /* chincoteague.jpg */; };
		4888EECC256D5D6400BD8C65 /* yukon_charleyrivers.jpg in Resources */ = {isa = PBXBuildFile; fileRef = 4888EEBF256D5D6400BD8C65 /* yukon_charleyrivers.jpg */; };
		4888EECF256D5DA400BD8C65 /* LandmarkRow.swift in Sources */ = {isa = PBXBuildFile; fileRef = 4888EECE256D5DA400BD8C65 /* LandmarkRow.swift */; };
		4888EED3256D5E4A00BD8C65 /* Data.swift in Sources */ = {isa = PBXBuildFile; fileRef = 4888EED2256D5E4A00BD8C65 /* Data.swift */; };
		4888EED6256D603600BD8C65 /* LandmarkList.swift in Sources */ = {isa = PBXBuildFile; fileRef = 4888EED5256D603600BD8C65 /* LandmarkList.swift */; };
/* End PBXBuildFile section */

/* Begin PBXFileReference section */
		48743873256C26A4001FE7AB /* LandMarks.app */ = {isa = PBXFileReference; explicitFileType = wrapper.application; includeInIndex = 0; path = LandMarks.app; sourceTree = BUILT_PRODUCTS_DIR; };
		48743876256C26A4001FE7AB /* AppDelegate.swift */ = {isa = PBXFileReference; lastKnownFileType = sourcecode.swift; path = AppDelegate.swift; sourceTree = "<group>"; };
		48743878256C26A4001FE7AB /* SceneDelegate.swift */ = {isa = PBXFileReference; lastKnownFileType = sourcecode.swift; path = SceneDelegate.swift; sourceTree = "<group>"; };
		4874387A256C26A4001FE7AB /* LandmarkDetail.swift */ = {isa = PBXFileReference; lastKnownFileType = sourcecode.swift; path = LandmarkDetail.swift; sourceTree = "<group>"; };
		4874387C256C26A5001FE7AB /* Assets.xcassets */ = {isa = PBXFileReference; lastKnownFileType = folder.assetcatalog; path = Assets.xcassets; sourceTree = "<group>"; };
		4874387F256C26A5001FE7AB /* Preview Assets.xcassets */ = {isa = PBXFileReference; lastKnownFileType = folder.assetcatalog; path = "Preview Assets.xcassets"; sourceTree = "<group>"; };
		48743882256C26A5001FE7AB /* Base */ = {isa = PBXFileReference; lastKnownFileType = file.storyboard; name = Base; path = Base.lproj/LaunchScreen.storyboard; sourceTree = "<group>"; };
		48743884256C26A5001FE7AB /* Info.plist */ = {isa = PBXFileReference; lastKnownFileType = text.plist.xml; path = Info.plist; sourceTree = "<group>"; };
		48743893256C2AC7001FE7AB /* CircleImage.swift */ = {isa = PBXFileReference; lastKnownFileType = sourcecode.swift; path = CircleImage.swift; sourceTree = "<group>"; };
		48743896256C2D1E001FE7AB /* MapView.swift */ = {isa = PBXFileReference; lastKnownFileType = sourcecode.swift; path = MapView.swift; sourceTree = "<group>"; };
		4888EEAE256D5CEC00BD8C65 /* Landmark.swift */ = {isa = PBXFileReference; fileEncoding = 4; lastKnownFileType = sourcecode.swift; path = Landmark.swift; sourceTree = "<group>"; };
		4888EEB3256D5D6300BD8C65 /* stmarylake.jpg */ = {isa = PBXFileReference; lastKnownFileType = image.jpeg; path = stmarylake.jpg; sourceTree = "<group>"; };
		4888EEB4256D5D6300BD8C65 /* chilkoottrail.jpg */ = {isa = PBXFileReference; lastKnownFileType = image.jpeg; path = chilkoottrail.jpg; sourceTree = "<group>"; };
		4888EEB5256D5D6300BD8C65 /* twinlake.jpg */ = {isa = PBXFileReference; lastKnownFileType = image.jpeg; path = twinlake.jpg; sourceTree = "<group>"; };
		4888EEB6256D5D6400BD8C65 /* icybay.jpg */ = {isa = PBXFileReference; lastKnownFileType = image.jpeg; path = icybay.jpg; sourceTree = "<group>"; };
		4888EEB7256D5D6400BD8C65 /* umbagog.jpg */ = {isa = PBXFileReference; lastKnownFileType = image.jpeg; path = umbagog.jpg; sourceTree = "<group>"; };
		4888EEB8256D5D6400BD8C65 /* turtlerock.jpg */ = {isa = PBXFileReference; lastKnownFileType = image.jpeg; path = turtlerock.jpg; sourceTree = "<group>"; };
		4888EEB9256D5D6400BD8C65 /* landmarkData.json */ = {isa = PBXFileReference; fileEncoding = 4; lastKnownFileType = text.json; path = landmarkData.json; sourceTree = "<group>"; };
		4888EEBA256D5D6400BD8C65 /* lakemcdonald.jpg */ = {isa = PBXFileReference; lastKnownFileType = image.jpeg; path = lakemcdonald.jpg; sourceTree = "<group>"; };
		4888EEBB256D5D6400BD8C65 /* rainbowlake.jpg */ = {isa = PBXFileReference; lastKnownFileType = image.jpeg; path = rainbowlake.jpg; sourceTree = "<group>"; };
		4888EEBC256D5D6400BD8C65 /* silversalmoncreek.jpg */ = {isa = PBXFileReference; lastKnownFileType = image.jpeg; path = silversalmoncreek.jpg; sourceTree = "<group>"; };
		4888EEBD256D5D6400BD8C65 /* hiddenlake.jpg */ = {isa = PBXFileReference; lastKnownFileType = image.jpeg; path = hiddenlake.jpg; sourceTree = "<group>"; };
		4888EEBE256D5D6400BD8C65 /* chincoteague.jpg */ = {isa = PBXFileReference; lastKnownFileType = image.jpeg; path = chincoteague.jpg; sourceTree = "<group>"; };
		4888EEBF256D5D6400BD8C65 /* yukon_charleyrivers.jpg */ = {isa = PBXFileReference; lastKnownFileType = image.jpeg; path = yukon_charleyrivers.jpg; sourceTree = "<group>"; };
		4888EECE256D5DA400BD8C65 /* LandmarkRow.swift */ = {isa = PBXFileReference; lastKnownFileType = sourcecode.swift; path = LandmarkRow.swift; sourceTree = "<group>"; };
		4888EED2256D5E4A00BD8C65 /* Data.swift */ = {isa = PBXFileReference; lastKnownFileType = sourcecode.swift; path = Data.swift; sourceTree = "<group>"; };
		4888EED5256D603600BD8C65 /* LandmarkList.swift */ = {isa = PBXFileReference; lastKnownFileType = sourcecode.swift; path = LandmarkList.swift; sourceTree = "<group>"; };
/* End PBXFileReference section */

/* Begin PBXFrameworksBuildPhase section */
		48743870256C26A4001FE7AB /* Frameworks */ = {
			isa = PBXFrameworksBuildPhase;
			buildActionMask = 2147483647;
			files = (
			);
			runOnlyForDeploymentPostprocessing = 0;
		};
/* End PBXFrameworksBuildPhase section */

/* Begin PBXGroup section */
		4874386A256C26A4001FE7AB = {
			isa = PBXGroup;
			children = (
				48743875256C26A4001FE7AB /* LandMarks */,
				48743874256C26A4001FE7AB /* Products */,
			);
			sourceTree = "<group>";
		};
		48743874256C26A4001FE7AB /* Products */ = {
			isa = PBXGroup;
			children = (
				48743873256C26A4001FE7AB /* LandMarks.app */,
			);
			name = Products;
			sourceTree = "<group>";
		};
		48743875256C26A4001FE7AB /* LandMarks */ = {
			isa = PBXGroup;
			children = (
				48743876256C26A4001FE7AB /* AppDelegate.swift */,
				48743878256C26A4001FE7AB /* SceneDelegate.swift */,
				4874387A256C26A4001FE7AB /* LandmarkDetail.swift */,
				4888EECE256D5DA400BD8C65 /* LandmarkRow.swift */,
				4888EED5256D603600BD8C65 /* LandmarkList.swift */,
				4888EEAD256D5CEC00BD8C65 /* Model */,
				48743893256C2AC7001FE7AB /* CircleImage.swift */,
				48743896256C2D1E001FE7AB /* MapView.swift */,
				4888EEB2256D5D0600BD8C65 /* Resources */,
				4874387C256C26A5001FE7AB /* Assets.xcassets */,
				48743881256C26A5001FE7AB /* LaunchScreen.storyboard */,
				48743884256C26A5001FE7AB /* Info.plist */,
				4874387E256C26A5001FE7AB /* Preview Content */,
			);
			path = LandMarks;
			sourceTree = "<group>";
		};
		4874387E256C26A5001FE7AB /* Preview Content */ = {
			isa = PBXGroup;
			children = (
				4874387F256C26A5001FE7AB /* Preview Assets.xcassets */,
			);
			path = "Preview Content";
			sourceTree = "<group>";
		};
		4888EEAD256D5CEC00BD8C65 /* Model */ = {
			isa = PBXGroup;
			children = (
				4888EEAE256D5CEC00BD8C65 /* Landmark.swift */,
				4888EED2256D5E4A00BD8C65 /* Data.swift */,
			);
			path = Model;
			sourceTree = "<group>";
		};
		4888EEB2256D5D0600BD8C65 /* Resources */ = {
			isa = PBXGroup;
			children = (
				4888EEB9256D5D6400BD8C65 /* landmarkData.json */,
				4888EEB4256D5D6300BD8C65 /* chilkoottrail.jpg */,
				4888EEBE256D5D6400BD8C65 /* chincoteague.jpg */,
				4888EEBD256D5D6400BD8C65 /* hiddenlake.jpg */,
				4888EEB6256D5D6400BD8C65 /* icybay.jpg */,
				4888EEBA256D5D6400BD8C65 /* lakemcdonald.jpg */,
				4888EEBB256D5D6400BD8C65 /* rainbowlake.jpg */,
				4888EEBC256D5D6400BD8C65 /* silversalmoncreek.jpg */,
				4888EEB3256D5D6300BD8C65 /* stmarylake.jpg */,
				4888EEB8256D5D6400BD8C65 /* turtlerock.jpg */,
				4888EEB5256D5D6300BD8C65 /* twinlake.jpg */,
				4888EEB7256D5D6400BD8C65 /* umbagog.jpg */,
				4888EEBF256D5D6400BD8C65 /* yukon_charleyrivers.jpg */,
			);
			path = Resources;
			sourceTree = "<group>";
		};
/* End PBXGroup section */

/* Begin PBXNativeTarget section */
		48743872256C26A4001FE7AB /* LandMarks */ = {
			isa = PBXNativeTarget;
			buildConfigurationList = 48743887256C26A5001FE7AB /* Build configuration list for PBXNativeTarget "LandMarks" */;
			buildPhases = (
				4874386F256C26A4001FE7AB /* Sources */,
				48743870256C26A4001FE7AB /* Frameworks */,
				48743871256C26A4001FE7AB /* Resources */,
			);
			buildRules = (
			);
			dependencies = (
			);
			name = LandMarks;
			productName = LandMarks;
			productReference = 48743873256C26A4001FE7AB /* LandMarks.app */;
			productType = "com.apple.product-type.application";
		};
/* End PBXNativeTarget section */

/* Begin PBXProject section */
		4874386B256C26A4001FE7AB /* Project object */ = {
			isa = PBXProject;
			attributes = {
				LastSwiftUpdateCheck = 1220;
				LastUpgradeCheck = 1220;
				TargetAttributes = {
					48743872256C26A4001FE7AB = {
						CreatedOnToolsVersion = 12.2;
					};
				};
			};
			buildConfigurationList = 4874386E256C26A4001FE7AB /* Build configuration list for PBXProject "LandMarks" */;
			compatibilityVersion = "Xcode 9.3";
			developmentRegion = en;
			hasScannedForEncodings = 0;
			knownRegions = (
				en,
				Base,
			);
			mainGroup = 4874386A256C26A4001FE7AB;
			productRefGroup = 48743874256C26A4001FE7AB /* Products */;
			projectDirPath = "";
			projectRoot = "";
			targets = (
				48743872256C26A4001FE7AB /* LandMarks */,
			);
		};
/* End PBXProject section */

/* Begin PBXResourcesBuildPhase section */
		48743871256C26A4001FE7AB /* Resources */ = {
			isa = PBXResourcesBuildPhase;
			buildActionMask = 2147483647;
			files = (
				4888EEC9256D5D6400BD8C65 /* silversalmoncreek.jpg in Resources */,
				4888EEC2256D5D6400BD8C65 /* twinlake.jpg in Resources */,
				4888EEC8256D5D6400BD8C65 /* rainbowlake.jpg in Resources */,
				48743883256C26A5001FE7AB /* LaunchScreen.storyboard in Resources */,
				4888EEC5256D5D6400BD8C65 /* turtlerock.jpg in Resources */,
				4888EEC6256D5D6400BD8C65 /* landmarkData.json in Resources */,
				4888EECA256D5D6400BD8C65 /* hiddenlake.jpg in Resources */,
				48743880256C26A5001FE7AB /* Preview Assets.xcassets in Resources */,
				4888EEC0256D5D6400BD8C65 /* stmarylake.jpg in Resources */,
				4888EECB256D5D6400BD8C65 /* chincoteague.jpg in Resources */,
				4888EEC4256D5D6400BD8C65 /* umbagog.jpg in Resources */,
				4888EEC7256D5D6400BD8C65 /* lakemcdonald.jpg in Resources */,
				4888EEC1256D5D6400BD8C65 /* chilkoottrail.jpg in Resources */,
				4888EEC3256D5D6400BD8C65 /* icybay.jpg in Resources */,
				4888EECC256D5D6400BD8C65 /* yukon_charleyrivers.jpg in Resources */,
				4874387D256C26A5001FE7AB /* Assets.xcassets in Resources */,
			);
			runOnlyForDeploymentPostprocessing = 0;
		};
/* End PBXResourcesBuildPhase section */

/* Begin PBXSourcesBuildPhase section */
		4874386F256C26A4001FE7AB /* Sources */ = {
			isa = PBXSourcesBuildPhase;
			buildActionMask = 2147483647;
			files = (
				4888EEAF256D5CEC00BD8C65 /* Landmark.swift in Sources */,
				48743877256C26A4001FE7AB /* AppDelegate.swift in Sources */,
				48743894256C2AC7001FE7AB /* CircleImage.swift in Sources */,
				48743897256C2D1E001FE7AB /* MapView.swift in Sources */,
				4888EED6256D603600BD8C65 /* LandmarkList.swift in Sources */,
				48743879256C26A4001FE7AB /* SceneDelegate.swift in Sources */,
				4888EECF256D5DA400BD8C65 /* LandmarkRow.swift in Sources */,
				4874387B256C26A4001FE7AB /* LandmarkDetail.swift in Sources */,
				4888EED3256D5E4A00BD8C65 /* Data.swift in Sources */,
			);
			runOnlyForDeploymentPostprocessing = 0;
		};
/* End PBXSourcesBuildPhase section */

/* Begin PBXVariantGroup section */
		48743881256C26A5001FE7AB /* LaunchScreen.storyboard */ = {
			isa = PBXVariantGroup;
			children = (
				48743882256C26A5001FE7AB /* Base */,
			);
			name = LaunchScreen.storyboard;
			sourceTree = "<group>";
		};
/* End PBXVariantGroup section */

/* Begin XCBuildConfiguration section */
		48743885256C26A5001FE7AB /* Debug */ = {
			isa = XCBuildConfiguration;
			buildSettings = {
				ALWAYS_SEARCH_USER_PATHS = NO;
				CLANG_ANALYZER_NONNULL = YES;
				CLANG_ANALYZER_NUMBER_OBJECT_CONVERSION = YES_AGGRESSIVE;
				CLANG_CXX_LANGUAGE_STANDARD = "gnu++14";
				CLANG_CXX_LIBRARY = "libc++";
				CLANG_ENABLE_MODULES = YES;
				CLANG_ENABLE_OBJC_ARC = YES;
				CLANG_ENABLE_OBJC_WEAK = YES;
				CLANG_WARN_BLOCK_CAPTURE_AUTORELEASING = YES;
				CLANG_WARN_BOOL_CONVERSION = YES;
				CLANG_WARN_COMMA = YES;
				CLANG_WARN_CONSTANT_CONVERSION = YES;
				CLANG_WARN_DEPRECATED_OBJC_IMPLEMENTATIONS = YES;
				CLANG_WARN_DIRECT_OBJC_ISA_USAGE = YES_ERROR;
				CLANG_WARN_DOCUMENTATION_COMMENTS = YES;
				CLANG_WARN_EMPTY_BODY = YES;
				CLANG_WARN_ENUM_CONVERSION = YES;
				CLANG_WARN_INFINITE_RECURSION = YES;
				CLANG_WARN_INT_CONVERSION = YES;
				CLANG_WARN_NON_LITERAL_NULL_CONVERSION = YES;
				CLANG_WARN_OBJC_IMPLICIT_RETAIN_SELF = YES;
				CLANG_WARN_OBJC_LITERAL_CONVERSION = YES;
				CLANG_WARN_OBJC_ROOT_CLASS = YES_ERROR;
				CLANG_WARN_QUOTED_INCLUDE_IN_FRAMEWORK_HEADER = YES;
				CLANG_WARN_RANGE_LOOP_ANALYSIS = YES;
				CLANG_WARN_STRICT_PROTOTYPES = YES;
				CLANG_WARN_SUSPICIOUS_MOVE = YES;
				CLANG_WARN_UNGUARDED_AVAILABILITY = YES_AGGRESSIVE;
				CLANG_WARN_UNREACHABLE_CODE = YES;
				CLANG_WARN__DUPLICATE_METHOD_MATCH = YES;
				COPY_PHASE_STRIP = NO;
				DEBUG_INFORMATION_FORMAT = dwarf;
				ENABLE_STRICT_OBJC_MSGSEND = YES;
				ENABLE_TESTABILITY = YES;
				GCC_C_LANGUAGE_STANDARD = gnu11;
				GCC_DYNAMIC_NO_PIC = NO;
				GCC_NO_COMMON_BLOCKS = YES;
				GCC_OPTIMIZATION_LEVEL = 0;
				GCC_PREPROCESSOR_DEFINITIONS = (
					"DEBUG=1",
					"$(inherited)",
				);
				GCC_WARN_64_TO_32_BIT_CONVERSION = YES;
				GCC_WARN_ABOUT_RETURN_TYPE = YES_ERROR;
				GCC_WARN_UNDECLARED_SELECTOR = YES;
				GCC_WARN_UNINITIALIZED_AUTOS = YES_AGGRESSIVE;
				GCC_WARN_UNUSED_FUNCTION = YES;
				GCC_WARN_UNUSED_VARIABLE = YES;
				IPHONEOS_DEPLOYMENT_TARGET = 14.2;
				MTL_ENABLE_DEBUG_INFO = INCLUDE_SOURCE;
				MTL_FAST_MATH = YES;
				ONLY_ACTIVE_ARCH = YES;
				SDKROOT = iphoneos;
				SWIFT_ACTIVE_COMPILATION_CONDITIONS = DEBUG;
				SWIFT_OPTIMIZATION_LEVEL = "-Onone";
			};
			name = Debug;
		};
		48743886256C26A5001FE7AB /* Release */ = {
			isa = XCBuildConfiguration;
			buildSettings = {
				ALWAYS_SEARCH_USER_PATHS = NO;
				CLANG_ANALYZER_NONNULL = YES;
				CLANG_ANALYZER_NUMBER_OBJECT_CONVERSION = YES_AGGRESSIVE;
				CLANG_CXX_LANGUAGE_STANDARD = "gnu++14";
				CLANG_CXX_LIBRARY = "libc++";
				CLANG_ENABLE_MODULES = YES;
				CLANG_ENABLE_OBJC_ARC = YES;
				CLANG_ENABLE_OBJC_WEAK = YES;
				CLANG_WARN_BLOCK_CAPTURE_AUTORELEASING = YES;
				CLANG_WARN_BOOL_CONVERSION = YES;
				CLANG_WARN_COMMA = YES;
				CLANG_WARN_CONSTANT_CONVERSION = YES;
				CLANG_WARN_DEPRECATED_OBJC_IMPLEMENTATIONS = YES;
				CLANG_WARN_DIRECT_OBJC_ISA_USAGE = YES_ERROR;
				CLANG_WARN_DOCUMENTATION_COMMENTS = YES;
				CLANG_WARN_EMPTY_BODY = YES;
				CLANG_WARN_ENUM_CONVERSION = YES;
				CLANG_WARN_INFINITE_RECURSION = YES;
				CLANG_WARN_INT_CONVERSION = YES;
				CLANG_WARN_NON_LITERAL_NULL_CONVERSION = YES;
				CLANG_WARN_OBJC_IMPLICIT_RETAIN_SELF = YES;
				CLANG_WARN_OBJC_LITERAL_CONVERSION = YES;
				CLANG_WARN_OBJC_ROOT_CLASS = YES_ERROR;
				CLANG_WARN_QUOTED_INCLUDE_IN_FRAMEWORK_HEADER = YES;
				CLANG_WARN_RANGE_LOOP_ANALYSIS = YES;
				CLANG_WARN_STRICT_PROTOTYPES = YES;
				CLANG_WARN_SUSPICIOUS_MOVE = YES;
				CLANG_WARN_UNGUARDED_AVAILABILITY = YES_AGGRESSIVE;
				CLANG_WARN_UNREACHABLE_CODE = YES;
				CLANG_WARN__DUPLICATE_METHOD_MATCH = YES;
				COPY_PHASE_STRIP = NO;
				DEBUG_INFORMATION_FORMAT = "dwarf-with-dsym";
				ENABLE_NS_ASSERTIONS = NO;
				ENABLE_STRICT_OBJC_MSGSEND = YES;
				GCC_C_LANGUAGE_STANDARD = gnu11;
				GCC_NO_COMMON_BLOCKS = YES;
				GCC_WARN_64_TO_32_BIT_CONVERSION = YES;
				GCC_WARN_ABOUT_RETURN_TYPE = YES_ERROR;
				GCC_WARN_UNDECLARED_SELECTOR = YES;
				GCC_WARN_UNINITIALIZED_AUTOS = YES_AGGRESSIVE;
				GCC_WARN_UNUSED_FUNCTION = YES;
				GCC_WARN_UNUSED_VARIABLE = YES;
				IPHONEOS_DEPLOYMENT_TARGET = 14.2;
				MTL_ENABLE_DEBUG_INFO = NO;
				MTL_FAST_MATH = YES;
				SDKROOT = iphoneos;
				SWIFT_COMPILATION_MODE = wholemodule;
				SWIFT_OPTIMIZATION_LEVEL = "-O";
				VALIDATE_PRODUCT = YES;
			};
			name = Release;
		};
		48743888256C26A5001FE7AB /* Debug */ = {
			isa = XCBuildConfiguration;
			buildSettings = {
				ASSETCATALOG_COMPILER_APPICON_NAME = AppIcon;
				ASSETCATALOG_COMPILER_GLOBAL_ACCENT_COLOR_NAME = AccentColor;
				CODE_SIGN_STYLE = Automatic;
				DEVELOPMENT_ASSET_PATHS = "\"LandMarks/Preview Content\"";
				ENABLE_PREVIEWS = YES;
				INFOPLIST_FILE = LandMarks/Info.plist;
				LD_RUNPATH_SEARCH_PATHS = (
					"$(inherited)",
					"@executable_path/Frameworks",
				);
				PRODUCT_BUNDLE_IDENTIFIER = com.johnpadilla.LandMarks;
				PRODUCT_NAME = "$(TARGET_NAME)";
				SWIFT_VERSION = 5.0;
				TARGETED_DEVICE_FAMILY = "1,2";
			};
			name = Debug;
		};
		48743889256C26A5001FE7AB /* Release */ = {
			isa = XCBuildConfiguration;
			buildSettings = {
				ASSETCATALOG_COMPILER_APPICON_NAME = AppIcon;
				ASSETCATALOG_COMPILER_GLOBAL_ACCENT_COLOR_NAME = AccentColor;
				CODE_SIGN_STYLE = Automatic;
				DEVELOPMENT_ASSET_PATHS = "\"LandMarks/Preview Content\"";
				ENABLE_PREVIEWS = YES;
				INFOPLIST_FILE = LandMarks/Info.plist;
				LD_RUNPATH_SEARCH_PATHS = (
					"$(inherited)",
					"@executable_path/Frameworks",
				);
				PRODUCT_BUNDLE_IDENTIFIER = com.johnpadilla.LandMarks;
				PRODUCT_NAME = "$(TARGET_NAME)";
				SWIFT_VERSION = 5.0;
				TARGETED_DEVICE_FAMILY = "1,2";
			};
			name = Release;
		};
/* End XCBuildConfiguration section */

/* Begin XCConfigurationList section */
		4874386E256C26A4001FE7AB /* Build configuration list for PBXProject "LandMarks" */ = {
			isa = XCConfigurationList;
			buildConfigurations = (
				48743885256C26A5001FE7AB /* Debug */,
				48743886256C26A5001FE7AB /* Release */,
			);
			defaultConfigurationIsVisible = 0;
			defaultConfigurationName = Release;
		};
		48743887256C26A5001FE7AB /* Build configuration list for PBXNativeTarget "LandMarks" */ = {
			isa = XCConfigurationList;
			buildConfigurations = (
				48743888256C26A5001FE7AB /* Debug */,
				48743889256C26A5001FE7AB /* Release */,
			);
			defaultConfigurationIsVisible = 0;
			defaultConfigurationName = Release;
		};
/* End XCConfigurationList section */
	};
	rootObject = 4874386B256C26A4001FE7AB /* Project object */;
}
